
Microsoft Visual Studio Solution File, Format Version 12.00
# Visual Studio 14
VisualStudioVersion = 14.0.25420.1
MinimumVisualStudioVersion = 10.0.40219.1
Project("{FAE04EC0-301F-11D3-BF4B-00C04F79EFBC}") = "Vocal.DAL", "Vocal.DAL\Vocal.DAL.csproj", "{41FC38BE-AE82-4F89-8E81-DC57F6B610B3}"
EndProject
Project("{FAE04EC0-301F-11D3-BF4B-00C04F79EFBC}") = "Vocal.Business", "Vocal.Business\Vocal.Business.csproj", "{FED2004A-41AC-43EF-B43F-C01900103999}"
EndProject
Project("{FAE04EC0-301F-11D3-BF4B-00C04F79EFBC}") = "Vocal.WebApi", "Vocal.WebApi\Vocal.WebApi.csproj", "{3B42FB73-EAF7-4911-B788-940FE3F97C2A}"
EndProject
Project("{FAE04EC0-301F-11D3-BF4B-00C04F79EFBC}") = "Vocal.Model", "Vocal.Model\Vocal.Model.csproj", "{B76D6CE5-B158-4EB9-8A35-54DA7CEE32EA}"
EndProject
Project("{FAE04EC0-301F-11D3-BF4B-00C04F79EFBC}") = "Vocal.Tools", "Vocal.Tools\Vocal.Tools.csproj", "{9198F034-6876-4E86-A84A-50624D6C7742}"
EndProject
Project("{FAE04EC0-301F-11D3-BF4B-00C04F79EFBC}") = "Vocal.Console", "Vocal.Console\Vocal.Console.csproj", "{5A5F6EEC-108C-4A13-BE62-0D164CC3748A}"
EndProject
Global
	GlobalSection(SolutionConfigurationPlatforms) = preSolution
		Debug|Any CPU = Debug|Any CPU
		Debug|ARM = Debug|ARM
		Debug|x64 = Debug|x64
		Debug|x86 = Debug|x86
		Release|Any CPU = Release|Any CPU
		Release|ARM = Release|ARM
		Release|x64 = Release|x64
		Release|x86 = Release|x86
	EndGlobalSection
	GlobalSection(ProjectConfigurationPlatforms) = postSolution
		{41FC38BE-AE82-4F89-8E81-DC57F6B610B3}.Debug|Any CPU.ActiveCfg = Debug|Any CPU
		{41FC38BE-AE82-4F89-8E81-DC57F6B610B3}.Debug|Any CPU.Build.0 = Debug|Any CPU
		{41FC38BE-AE82-4F89-8E81-DC57F6B610B3}.Debug|ARM.ActiveCfg = Debug|Any CPU
		{41FC38BE-AE82-4F89-8E81-DC57F6B610B3}.Debug|ARM.Build.0 = Debug|Any CPU
		{41FC38BE-AE82-4F89-8E81-DC57F6B610B3}.Debug|x64.ActiveCfg = Debug|Any CPU
		{41FC38BE-AE82-4F89-8E81-DC57F6B610B3}.Debug|x64.Build.0 = Debug|Any CPU
		{41FC38BE-AE82-4F89-8E81-DC57F6B610B3}.Debug|x86.ActiveCfg = Debug|Any CPU
		{41FC38BE-AE82-4F89-8E81-DC57F6B610B3}.Debug|x86.Build.0 = Debug|Any CPU
		{41FC38BE-AE82-4F89-8E81-DC57F6B610B3}.Release|Any CPU.ActiveCfg = Release|Any CPU
		{41FC38BE-AE82-4F89-8E81-DC57F6B610B3}.Release|Any CPU.Build.0 = Release|Any CPU
		{41FC38BE-AE82-4F89-8E81-DC57F6B610B3}.Release|ARM.ActiveCfg = Release|Any CPU
		{41FC38BE-AE82-4F89-8E81-DC57F6B610B3}.Release|ARM.Build.0 = Release|Any CPU
		{41FC38BE-AE82-4F89-8E81-DC57F6B610B3}.Release|x64.ActiveCfg = Release|Any CPU
		{41FC38BE-AE82-4F89-8E81-DC57F6B610B3}.Release|x64.Build.0 = Release|Any CPU
		{41FC38BE-AE82-4F89-8E81-DC57F6B610B3}.Release|x86.ActiveCfg = Release|Any CPU
		{41FC38BE-AE82-4F89-8E81-DC57F6B610B3}.Release|x86.Build.0 = Release|Any CPU
		{FED2004A-41AC-43EF-B43F-C01900103999}.Debug|Any CPU.ActiveCfg = Debug|Any CPU
		{FED2004A-41AC-43EF-B43F-C01900103999}.Debug|Any CPU.Build.0 = Debug|Any CPU
		{FED2004A-41AC-43EF-B43F-C01900103999}.Debug|ARM.ActiveCfg = Debug|Any CPU
		{FED2004A-41AC-43EF-B43F-C01900103999}.Debug|ARM.Build.0 = Debug|Any CPU
		{FED2004A-41AC-43EF-B43F-C01900103999}.Debug|x64.ActiveCfg = Debug|Any CPU
		{FED2004A-41AC-43EF-B43F-C01900103999}.Debug|x64.Build.0 = Debug|Any CPU
		{FED2004A-41AC-43EF-B43F-C01900103999}.Debug|x86.ActiveCfg = Debug|Any CPU
		{FED2004A-41AC-43EF-B43F-C01900103999}.Debug|x86.Build.0 = Debug|Any CPU
		{FED2004A-41AC-43EF-B43F-C01900103999}.Release|Any CPU.ActiveCfg = Release|Any CPU
		{FED2004A-41AC-43EF-B43F-C01900103999}.Release|Any CPU.Build.0 = Release|Any CPU
		{FED2004A-41AC-43EF-B43F-C01900103999}.Release|ARM.ActiveCfg = Release|Any CPU
		{FED2004A-41AC-43EF-B43F-C01900103999}.Release|ARM.Build.0 = Release|Any CPU
		{FED2004A-41AC-43EF-B43F-C01900103999}.Release|x64.ActiveCfg = Release|Any CPU
		{FED2004A-41AC-43EF-B43F-C01900103999}.Release|x64.Build.0 = Release|Any CPU
		{FED2004A-41AC-43EF-B43F-C01900103999}.Release|x86.ActiveCfg = Release|Any CPU
		{FED2004A-41AC-43EF-B43F-C01900103999}.Release|x86.Build.0 = Release|Any CPU
		{3B42FB73-EAF7-4911-B788-940FE3F97C2A}.Debug|Any CPU.ActiveCfg = Debug|Any CPU
		{3B42FB73-EAF7-4911-B788-940FE3F97C2A}.Debug|Any CPU.Build.0 = Debug|Any CPU
		{3B42FB73-EAF7-4911-B788-940FE3F97C2A}.Debug|ARM.ActiveCfg = Debug|Any CPU
		{3B42FB73-EAF7-4911-B788-940FE3F97C2A}.Debug|ARM.Build.0 = Debug|Any CPU
		{3B42FB73-EAF7-4911-B788-940FE3F97C2A}.Debug|x64.ActiveCfg = Debug|Any CPU
		{3B42FB73-EAF7-4911-B788-940FE3F97C2A}.Debug|x64.Build.0 = Debug|Any CPU
		{3B42FB73-EAF7-4911-B788-940FE3F97C2A}.Debug|x86.ActiveCfg = Debug|Any CPU
		{3B42FB73-EAF7-4911-B788-940FE3F97C2A}.Debug|x86.Build.0 = Debug|Any CPU
		{3B42FB73-EAF7-4911-B788-940FE3F97C2A}.Release|Any CPU.ActiveCfg = Release|Any CPU
		{3B42FB73-EAF7-4911-B788-940FE3F97C2A}.Release|Any CPU.Build.0 = Release|Any CPU
		{3B42FB73-EAF7-4911-B788-940FE3F97C2A}.Release|ARM.ActiveCfg = Release|Any CPU
		{3B42FB73-EAF7-4911-B788-940FE3F97C2A}.Release|ARM.Build.0 = Release|Any CPU
		{3B42FB73-EAF7-4911-B788-940FE3F97C2A}.Release|x64.ActiveCfg = Release|Any CPU
		{3B42FB73-EAF7-4911-B788-940FE3F97C2A}.Release|x64.Build.0 = Release|Any CPU
		{3B42FB73-EAF7-4911-B788-940FE3F97C2A}.Release|x86.ActiveCfg = Release|Any CPU
		{3B42FB73-EAF7-4911-B788-940FE3F97C2A}.Release|x86.Build.0 = Release|Any CPU
		{B76D6CE5-B158-4EB9-8A35-54DA7CEE32EA}.Debug|Any CPU.ActiveCfg = Debug|Any CPU
		{B76D6CE5-B158-4EB9-8A35-54DA7CEE32EA}.Debug|Any CPU.Build.0 = Debug|Any CPU
		{B76D6CE5-B158-4EB9-8A35-54DA7CEE32EA}.Debug|ARM.ActiveCfg = Debug|Any CPU
		{B76D6CE5-B158-4EB9-8A35-54DA7CEE32EA}.Debug|ARM.Build.0 = Debug|Any CPU
		{B76D6CE5-B158-4EB9-8A35-54DA7CEE32EA}.Debug|x64.ActiveCfg = Debug|Any CPU
		{B76D6CE5-B158-4EB9-8A35-54DA7CEE32EA}.Debug|x64.Build.0 = Debug|Any CPU
		{B76D6CE5-B158-4EB9-8A35-54DA7CEE32EA}.Debug|x86.ActiveCfg = Debug|Any CPU
		{B76D6CE5-B158-4EB9-8A35-54DA7CEE32EA}.Debug|x86.Build.0 = Debug|Any CPU
		{B76D6CE5-B158-4EB9-8A35-54DA7CEE32EA}.Release|Any CPU.ActiveCfg = Release|Any CPU
		{B76D6CE5-B158-4EB9-8A35-54DA7CEE32EA}.Release|Any CPU.Build.0 = Release|Any CPU
		{B76D6CE5-B158-4EB9-8A35-54DA7CEE32EA}.Release|ARM.ActiveCfg = Release|Any CPU
		{B76D6CE5-B158-4EB9-8A35-54DA7CEE32EA}.Release|ARM.Build.0 = Release|Any CPU
		{B76D6CE5-B158-4EB9-8A35-54DA7CEE32EA}.Release|x64.ActiveCfg = Release|Any CPU
		{B76D6CE5-B158-4EB9-8A35-54DA7CEE32EA}.Release|x64.Build.0 = Release|Any CPU
		{B76D6CE5-B158-4EB9-8A35-54DA7CEE32EA}.Release|x86.ActiveCfg = Release|Any CPU
		{B76D6CE5-B158-4EB9-8A35-54DA7CEE32EA}.Release|x86.Build.0 = Release|Any CPU
		{9198F034-6876-4E86-A84A-50624D6C7742}.Debug|Any CPU.ActiveCfg = Debug|Any CPU
		{9198F034-6876-4E86-A84A-50624D6C7742}.Debug|Any CPU.Build.0 = Debug|Any CPU
		{9198F034-6876-4E86-A84A-50624D6C7742}.Debug|ARM.ActiveCfg = Debug|Any CPU
		{9198F034-6876-4E86-A84A-50624D6C7742}.Debug|ARM.Build.0 = Debug|Any CPU
		{9198F034-6876-4E86-A84A-50624D6C7742}.Debug|x64.ActiveCfg = Debug|Any CPU
		{9198F034-6876-4E86-A84A-50624D6C7742}.Debug|x64.Build.0 = Debug|Any CPU
		{9198F034-6876-4E86-A84A-50624D6C7742}.Debug|x86.ActiveCfg = Debug|Any CPU
		{9198F034-6876-4E86-A84A-50624D6C7742}.Debug|x86.Build.0 = Debug|Any CPU
		{9198F034-6876-4E86-A84A-50624D6C7742}.Release|Any CPU.ActiveCfg = Release|Any CPU
		{9198F034-6876-4E86-A84A-50624D6C7742}.Release|Any CPU.Build.0 = Release|Any CPU
		{9198F034-6876-4E86-A84A-50624D6C7742}.Release|ARM.ActiveCfg = Release|Any CPU
		{9198F034-6876-4E86-A84A-50624D6C7742}.Release|ARM.Build.0 = Release|Any CPU
		{9198F034-6876-4E86-A84A-50624D6C7742}.Release|x64.ActiveCfg = Release|Any CPU
		{9198F034-6876-4E86-A84A-50624D6C7742}.Release|x64.Build.0 = Release|Any CPU
		{9198F034-6876-4E86-A84A-50624D6C7742}.Release|x86.ActiveCfg = Release|Any CPU
		{9198F034-6876-4E86-A84A-50624D6C7742}.Release|x86.Build.0 = Release|Any CPU
		{5A5F6EEC-108C-4A13-BE62-0D164CC3748A}.Debug|Any CPU.ActiveCfg = Debug|Any CPU
		{5A5F6EEC-108C-4A13-BE62-0D164CC3748A}.Debug|Any CPU.Build.0 = Debug|Any CPU
		{5A5F6EEC-108C-4A13-BE62-0D164CC3748A}.Debug|ARM.ActiveCfg = Debug|Any CPU
		{5A5F6EEC-108C-4A13-BE62-0D164CC3748A}.Debug|ARM.Build.0 = Debug|Any CPU
		{5A5F6EEC-108C-4A13-BE62-0D164CC3748A}.Debug|x64.ActiveCfg = Debug|Any CPU
		{5A5F6EEC-108C-4A13-BE62-0D164CC3748A}.Debug|x64.Build.0 = Debug|Any CPU
		{5A5F6EEC-108C-4A13-BE62-0D164CC3748A}.Debug|x86.ActiveCfg = Debug|Any CPU
		{5A5F6EEC-108C-4A13-BE62-0D164CC3748A}.Debug|x86.Build.0 = Debug|Any CPU
		{5A5F6EEC-108C-4A13-BE62-0D164CC3748A}.Release|Any CPU.ActiveCfg = Release|Any CPU
		{5A5F6EEC-108C-4A13-BE62-0D164CC3748A}.Release|Any CPU.Build.0 = Release|Any CPU
		{5A5F6EEC-108C-4A13-BE62-0D164CC3748A}.Release|ARM.ActiveCfg = Release|Any CPU
		{5A5F6EEC-108C-4A13-BE62-0D164CC3748A}.Release|ARM.Build.0 = Release|Any CPU
		{5A5F6EEC-108C-4A13-BE62-0D164CC3748A}.Release|x64.ActiveCfg = Release|Any CPU
		{5A5F6EEC-108C-4A13-BE62-0D164CC3748A}.Release|x64.Build.0 = Release|Any CPU
		{5A5F6EEC-108C-4A13-BE62-0D164CC3748A}.Release|x86.ActiveCfg = Release|Any CPU
		{5A5F6EEC-108C-4A13-BE62-0D164CC3748A}.Release|x86.Build.0 = Release|Any CPU
	EndGlobalSection
	GlobalSection(SolutionProperties) = preSolution
		HideSolutionNode = FALSE
	EndGlobalSection
EndGlobal
